
Microsoft Visual Studio Solution File, Format Version 12.00
# Visual Studio Version 16
VisualStudioVersion = 16.0.30804.86
MinimumVisualStudioVersion = 10.0.40219.1
Project("{FAE04EC0-301F-11D3-BF4B-00C04F79EFBC}") = "Project1", "Project1\Project1.csproj", "{EC534B12-152A-454B-92CE-8AD64CF11424}"
EndProject
Global
	GlobalSection(SolutionConfigurationPlatforms) = preSolution
		Debug|Any CPU = Debug|Any CPU
		Release|Any CPU = Release|Any CPU
	EndGlobalSection
	GlobalSection(ProjectConfigurationPlatforms) = postSolution
		{EC534B12-152A-454B-92CE-8AD64CF11424}.Debug|Any CPU.ActiveCfg = Debug|Any CPU
		{EC534B12-152A-454B-92CE-8AD64CF11424}.Debug|Any CPU.Build.0 = Debug|Any CPU
		{EC534B12-152A-454B-92CE-8AD64CF11424}.Release|Any CPU.ActiveCfg = Release|Any CPU
		{EC534B12-152A-454B-92CE-8AD64CF11424}.Release|Any CPU.Build.0 = Release|Any CPU
	EndGlobalSection
	GlobalSection(SolutionProperties) = preSolution
		HideSolutionNode = FALSE
	EndGlobalSection
	GlobalSection(ExtensibilityGlobals) = postSolution
		SolutionGuid = {CC43DE97-26CD-41A8-A1F1-0819825318AE}
	EndGlobalSection
EndGlobal
